
Microsoft Visual Studio Solution File, Format Version 12.00
# Visual Studio Version 17
VisualStudioVersion = 17.5.33530.505
MinimumVisualStudioVersion = 10.0.40219.1
Project("{FAE04EC0-301F-11D3-BF4B-00C04F79EFBC}") = "Libros-211G0391", "Libros-211G0391\Libros-211G0391.csproj", "{574FE6C7-F19A-47E6-85A2-5E3B52741B3F}"
EndProject
Global
	GlobalSection(SolutionConfigurationPlatforms) = preSolution
		Debug|Any CPU = Debug|Any CPU
		Release|Any CPU = Release|Any CPU
	EndGlobalSection
	GlobalSection(ProjectConfigurationPlatforms) = postSolution
		{574FE6C7-F19A-47E6-85A2-5E3B52741B3F}.Debug|Any CPU.ActiveCfg = Debug|Any CPU
		{574FE6C7-F19A-47E6-85A2-5E3B52741B3F}.Debug|Any CPU.Build.0 = Debug|Any CPU
		{574FE6C7-F19A-47E6-85A2-5E3B52741B3F}.Release|Any CPU.ActiveCfg = Release|Any CPU
		{574FE6C7-F19A-47E6-85A2-5E3B52741B3F}.Release|Any CPU.Build.0 = Release|Any CPU
	EndGlobalSection
	GlobalSection(SolutionProperties) = preSolution
		HideSolutionNode = FALSE
	EndGlobalSection
	GlobalSection(ExtensibilityGlobals) = postSolution
		SolutionGuid = {6627D41A-1786-4298-8AE6-A9B5DE4DC1BA}
	EndGlobalSection
EndGlobal
